# This file is automatically @generated by Cargo.
# It is not intended for manual editing.
version = 4

[[package]]
name = "app-shell"
version = "0.1.0-alpha"
dependencies = [
 "pageos-runtime",
]

[[package]]
name = "calc"
version = "0.1.0-alpha"
dependencies = [
 "pageos-runtime",
]

[[package]]
name = "device"
version = "0.1.0-alpha"

[[package]]
name = "editor"
version = "0.1.0-alpha"
dependencies = [
 "pageos-runtime",
]

[[package]]
name = "filemgr"
version = "0.1.0-alpha"
dependencies = [
 "pageos-runtime",
]

[[package]]
name = "kernel"
version = "0.1.0-alpha"
dependencies = [
 "linked_list_allocator",
 "pageos-abi",
 "spin",
]

[[package]]
name = "linked_list_allocator"
version = "0.10.6"
source = "registry+https://github.com/rust-lang/crates.io-index"
checksum = "2b23ac50abb8261cb38c6e2a7192d3302e0836dac1628f6a93b82b4fad185897"
dependencies = [
 "spinning_top",
]

[[package]]
name = "lock_api"
version = "0.4.14"
source = "registry+https://github.com/rust-lang/crates.io-index"
checksum = "224399e74b87b5f3557511d98dff8b14089b3dadafcab6bb93eab67d3aace965"
dependencies = [
 "scopeguard",
]

[[package]]
name = "network"
version = "0.1.0-alpha"

[[package]]
name = "pageos-abi"
version = "0.1.0-alpha"

[[package]]
name = "pageos-fs"
version = "0.1.0-alpha"

[[package]]
name = "pageos-runtime"
version = "0.1.0-alpha"
dependencies = [
 "pageos-abi",
]

[[package]]
name = "scopeguard"
version = "1.2.0"
source = "registry+https://github.com/rust-lang/crates.io-index"
checksum = "94143f37725109f92c262ed2cf5e59bce7498c01bcc1502d7b9afe439a4e9f49"

[[package]]
name = "settings"
version = "0.1.0-alpha"
dependencies = [
 "pageos-runtime",
]

[[package]]
name = "spin"
version = "0.9.8"
source = "registry+https://github.com/rust-lang/crates.io-index"
checksum = "6980e8d7511241f8acf4aebddbb1ff938df5eebe98691418c4468d0b72a96a67"

[[package]]
name = "spinning_top"
version = "0.2.5"
source = "registry+https://github.com/rust-lang/crates.io-index"
checksum = "5b9eb1a2f4c41445a3a0ff9abc5221c5fcd28e1f13cd7c0397706f9ac938ddb0"
dependencies = [
 "lock_api",
]

[[package]]
name = "sysmon"
version = "0.1.0-alpha"
dependencies = [
 "pageos-runtime",
]

[[package]]
name = "terminal"
version = "0.1.0-alpha"
dependencies = [
 "pageos-runtime",
]

[[package]]
name = "vfs"
version = "0.1.0-alpha"
dependencies = [
 "pageos-fs",
]

[[package]]
name = "window"
version = "0.1.0-alpha"
dependencies = [
 "pageos-abi",
]
